
Microsoft Visual Studio Solution File, Format Version 12.00
# Visual Studio Version 16
VisualStudioVersion = 16.0.31402.337
MinimumVisualStudioVersion = 10.0.40219.1
Project("{FAE04EC0-301F-11D3-BF4B-00C04F79EFBC}") = "AspNetCore.GraphHelper.AzureAD", "AspNetCore.GraphHelper.AzureAD\AspNetCore.GraphHelper.AzureAD.csproj", "{A43DC89C-4DC2-4D2A-9CC4-693D18EA5F43}"
EndProject
Global
	GlobalSection(SolutionConfigurationPlatforms) = preSolution
		Debug|Any CPU = Debug|Any CPU
		Release|Any CPU = Release|Any CPU
	EndGlobalSection
	GlobalSection(ProjectConfigurationPlatforms) = postSolution
		{A43DC89C-4DC2-4D2A-9CC4-693D18EA5F43}.Debug|Any CPU.ActiveCfg = Debug|Any CPU
		{A43DC89C-4DC2-4D2A-9CC4-693D18EA5F43}.Debug|Any CPU.Build.0 = Debug|Any CPU
		{A43DC89C-4DC2-4D2A-9CC4-693D18EA5F43}.Release|Any CPU.ActiveCfg = Release|Any CPU
		{A43DC89C-4DC2-4D2A-9CC4-693D18EA5F43}.Release|Any CPU.Build.0 = Release|Any CPU
	EndGlobalSection
	GlobalSection(SolutionProperties) = preSolution
		HideSolutionNode = FALSE
	EndGlobalSection
	GlobalSection(ExtensibilityGlobals) = postSolution
		SolutionGuid = {E2C9392D-F199-41AF-ACBE-D488888F8CF6}
	EndGlobalSection
EndGlobal
